{
  "name": "content",
  "lockfileVersion": 3,
  "requires": true,
  "packages": {
    "": {
      "dependencies": {
        "@codemirror/lang-cpp": "^6.0.2",
        "@codemirror/lang-rust": "^6.0.1",
        "@nota-lang/nota-theme-acm": "^0.4.12"
      }
    },
    "node_modules/@codemirror/lang-cpp": {
      "version": "6.0.2",
      "resolved": "https://registry.npmjs.org/@codemirror/lang-cpp/-/lang-cpp-6.0.2.tgz",
      "integrity": "sha512-6oYEYUKHvrnacXxWxYa6t4puTlbN3dgV662BDfSH8+MfjQjVmP697/KYTDOqpxgerkvoNm7q5wlFMBeX8ZMocg==",
      "dependencies": {
        "@codemirror/language": "^6.0.0",
        "@lezer/cpp": "^1.0.0"
      }
    },
    "node_modules/@codemirror/lang-rust": {
      "version": "6.0.1",
      "resolved": "https://registry.npmjs.org/@codemirror/lang-rust/-/lang-rust-6.0.1.tgz",
      "integrity": "sha512-344EMWFBzWArHWdZn/NcgkwMvZIWUR1GEBdwG8FEp++6o6vT6KL9V7vGs2ONsKxxFUPXKI0SPcWhyYyl2zPYxQ==",
      "dependencies": {
        "@codemirror/language": "^6.0.0",
        "@lezer/rust": "^1.0.0"
      }
    },
    "node_modules/@codemirror/language": {
      "version": "6.9.1",
      "resolved": "https://registry.npmjs.org/@codemirror/language/-/language-6.9.1.tgz",
      "integrity": "sha512-lWRP3Y9IUdOms6DXuBpoWwjkR7yRmnS0hKYCbSfPz9v6Em1A1UCRujAkDiCrdYfs1Z0Eu4dGtwovNPStIfkgNA==",
      "dependencies": {
        "@codemirror/state": "^6.0.0",
        "@codemirror/view": "^6.0.0",
        "@lezer/common": "^1.1.0",
        "@lezer/highlight": "^1.0.0",
        "@lezer/lr": "^1.0.0",
        "style-mod": "^4.0.0"
      }
    },
    "node_modules/@codemirror/state": {
      "version": "6.2.1",
      "resolved": "https://registry.npmjs.org/@codemirror/state/-/state-6.2.1.tgz",
      "integrity": "sha512-RupHSZ8+OjNT38zU9fKH2sv+Dnlr8Eb8sl4NOnnqz95mCFTZUaiRP8Xv5MeeaG0px2b8Bnfe7YGwCV3nsBhbuw=="
    },
    "node_modules/@codemirror/view": {
      "version": "6.20.2",
      "resolved": "https://registry.npmjs.org/@codemirror/view/-/view-6.20.2.tgz",
      "integrity": "sha512-tZ9F0UZU2P3eTRtgljg3DaCOTn2FIjQU/ktTCjSz9/6he3GHDNxSCDAPidMtF+09r23o0h9H/5U7xibtUuEgdg==",
      "dependencies": {
        "@codemirror/state": "^6.1.4",
        "style-mod": "^4.1.0",
        "w3c-keyname": "^2.2.4"
      }
    },
    "node_modules/@lezer/common": {
      "version": "1.1.0",
      "resolved": "https://registry.npmjs.org/@lezer/common/-/common-1.1.0.tgz",
      "integrity": "sha512-XPIN3cYDXsoJI/oDWoR2tD++juVrhgIago9xyKhZ7IhGlzdDM9QgC8D8saKNCz5pindGcznFr2HBSsEQSWnSjw=="
    },
    "node_modules/@lezer/cpp": {
      "version": "1.1.1",
      "resolved": "https://registry.npmjs.org/@lezer/cpp/-/cpp-1.1.1.tgz",
      "integrity": "sha512-eS1M3L3U2mDowoFVPG7tEp01SWu9/68Nx3HEBgLJVn3N9ku7g5S7WdFv0jzmcTipAyONYfZJ+7x4WRkfdB2Ung==",
      "dependencies": {
        "@lezer/highlight": "^1.0.0",
        "@lezer/lr": "^1.0.0"
      }
    },
    "node_modules/@lezer/highlight": {
      "version": "1.1.6",
      "resolved": "https://registry.npmjs.org/@lezer/highlight/-/highlight-1.1.6.tgz",
      "integrity": "sha512-cmSJYa2us+r3SePpRCjN5ymCqCPv+zyXmDl0ciWtVaNiORT/MxM7ZgOMQZADD0o51qOaOg24qc/zBViOIwAjJg==",
      "dependencies": {
        "@lezer/common": "^1.0.0"
      }
    },
    "node_modules/@lezer/lr": {
      "version": "1.3.12",
      "resolved": "https://registry.npmjs.org/@lezer/lr/-/lr-1.3.12.tgz",
      "integrity": "sha512-5nwY1JzCueUdRtlMBnlf1SUi69iGCq2ABq7WQFQMkn/kxPvoACAEnTp4P17CtXxYr7WCwtYPLL2AEvxKPuF1OQ==",
      "dependencies": {
        "@lezer/common": "^1.0.0"
      }
    },
    "node_modules/@lezer/rust": {
      "version": "1.0.1",
      "resolved": "https://registry.npmjs.org/@lezer/rust/-/rust-1.0.1.tgz",
      "integrity": "sha512-j+ToFKM6Wpglv3OQ4ebHYdYIMT2dh0ziCCV0rTf47AWiHOVhR0WjaKrBq+yuvDQNEhr5sxPxVI7+naJIgpqcsQ==",
      "dependencies": {
        "@lezer/highlight": "^1.0.0",
        "@lezer/lr": "^1.0.0"
      }
    },
    "node_modules/@nota-lang/nota-theme-acm": {
      "version": "0.4.12",
      "resolved": "https://registry.npmjs.org/@nota-lang/nota-theme-acm/-/nota-theme-acm-0.4.12.tgz",
      "integrity": "sha512-A+0lM8m1O5AU010pOWrdmeRTHj0b5wdAT1IPsNorBpcf2h/bivIrxg9f8DOcmKoriIhB9PJctEkgo2QdmRRU6w=="
    },
    "node_modules/style-mod": {
      "version": "4.1.0",
      "resolved": "https://registry.npmjs.org/style-mod/-/style-mod-4.1.0.tgz",
      "integrity": "sha512-Ca5ib8HrFn+f+0n4N4ScTIA9iTOQ7MaGS1ylHcoVqW9J7w2w8PzN6g9gKmTYgGEBH8e120+RCmhpje6jC5uGWA=="
    },
    "node_modules/w3c-keyname": {
      "version": "2.2.8",
      "resolved": "https://registry.npmjs.org/w3c-keyname/-/w3c-keyname-2.2.8.tgz",
      "integrity": "sha512-dpojBhNsCNN7T82Tm7k26A6G9ML3NkhDsnw9n/eoxSRlVBB4CEtIQ/KTCLI2Fwf3ataSXRhYFkQi3SlnFwPvPQ=="
    }
  }
}
